{
  "lockfile-version": 1,
  "manifest": {
    "schema-version": "1.17.0",
    "install": {
      "gh": {
        "pkg-path": "gh"
      },
      "git": {
        "pkg-path": "git"
      },
      "jdk21": {
        "pkg-path": "jdk21"
      },
      "nodejs_22": {
        "pkg-path": "nodejs_22"
      },
      "pnpm": {
        "pkg-path": "pnpm"
      },
      "python312": {
        "pkg-path": "python312"
      }
    },
    "hook": {
      "on-activate": "echo \"FastFree env activated\"\n"
    },
    "profile": {},
    "options": {
      "systems": [
        "x86_64-linux",
        "aarch64-linux"
      ]
    }
  },
  "packages": [
    {
      "attr_path": "gh",
      "broken": false,
      "derivation": "/nix/store/vx9nd1nam6mka03g686i8gadkqfp7194-gh-2.101.0.drv",
      "description": "GitHub CLI tool",
      "install_id": "gh",
      "license": "MIT",
      "locked_url": "https://github.com/flox/nixpkgs?rev=6774f7bc253789b113a4f39285dc0fa100abeacc",
      "name": "gh-2.101.0",
      "pname": "gh",
      "rev": "6774f7bc253789b113a4f39285dc0fa100abeacc",
      "rev_count": 1077996,
      "rev_date": "2026-09-22T03:11:10Z",
      "scrape_date": "2026-09-23T05:29:40.568901Z",
      "stabilities": [
        "unstable"
      ],
      "unfree": false,
      "version": "2.101.0",
      "outputs_to_install": [
        "out",
        "out"
      ],
      "outputs": {
        "out": "/nix/store/054i8mw5r3ml305qa33bq4dkhjnccmxy-gh-2.101.0"
      },
      "system": "aarch64-linux",
      "group": "toplevel",
      "priority": 5
    },
    {
      "attr_path": "gh",
      "broken": false,
      "derivation": "/nix/store/28lpcz5i2plyilk09g8fh68fmd3im1jg-gh-2.101.0.drv",
      "description": "GitHub CLI tool",
      "install_id": "gh",
      "license": "MIT",
      "locked_url": "https://github.com/flox/nixpkgs?rev=6774f7bc253789b113a4f39285dc0fa100abeacc",
      "name": "gh-2.101.0",
      "pname": "gh",
      "rev": "6774f7bc253789b113a4f39285dc0fa100abeacc",
      "rev_count": 1077996,
      "rev_date": "2026-09-22T03:11:10Z",
      "scrape_date": "2026-09-23T06:06:19.106950Z",
      "stabilities": [
        "unstable"
      ],
      "unfree": false,
      "version": "2.101.0",
      "outputs_to_install": [
        "out",
        "out"
      ],
      "outputs": {
        "out": "/nix/store/bsjdf8dh5k8sylwzgp58ip47sbpbzw5l-gh-2.101.0"
      },
      "system": "x86_64-linux",
      "group": "toplevel",
      "priority": 5
    },
    {
      "attr_path": "git",
      "broken": false,
      "derivation": "/nix/store/vq6xiwp1j64iljrghwcinz80a7x3dxgc-git-2.55.0.drv",
      "description": "Distributed version control system",
      "install_id": "git",
      "license": "GPL-2.0",
      "locked_url": "https://github.com/flox/nixpkgs?rev=6774f7bc253789b113a4f39285dc0fa100abeacc",
      "name": "git-2.55.0",
      "pname": "git",
      "rev": "6774f7bc253789b113a4f39285dc0fa100abeacc",
      "rev_count": 1077996,
      "rev_date": "2026-09-22T03:11:10Z",
      "scrape_date": "2026-09-23T05:29:40.627175Z",
      "stabilities": [
        "unstable"
      ],
      "unfree": false,
      "version": "2.55.0",
      "outputs_to_install": [
        "out",
        "out"
      ],
      "outputs": {
        "debug": "/nix/store/ldxw9zf2xy8f6zbky0scjiqch10jdp7w-git-2.55.0-debug",
        "doc": "/nix/store/ka7q0r9bxnz0jmi2lh58qx5ijcd3lccf-git-2.55.0-doc",
        "out": "/nix/store/wnv9pqby90h45gyha0xwfp1blhmrrcv1-git-2.55.0"
      },
      "system": "aarch64-linux",
      "group": "toplevel",
      "priority": 5
    },
    {
      "attr_path": "git",
      "broken": false,
      "derivation": "/nix/store/5rkd99cklwdkxksl31vx4rpzdi4bl58a-git-2.55.0.drv",
      "description": "Distributed version control system",
      "install_id": "git",
      "license": "GPL-2.0",
      "locked_url": "https://github.com/flox/nixpkgs?rev=6774f7bc253789b113a4f39285dc0fa100abeacc",
      "name": "git-2.55.0",
      "pname": "git",
      "rev": "6774f7bc253789b113a4f39285dc0fa100abeacc",
      "rev_count": 1077996,
      "rev_date": "2026-09-22T03:11:10Z",
      "scrape_date": "2026-09-23T06:06:19.169869Z",
      "stabilities": [
        "unstable"
      ],
      "unfree": false,
      "version": "2.55.0",
      "outputs_to_install": [
        "out",
        "out"
      ],
      "outputs": {
        "debug": "/nix/store/kad4xijqzqlxmrsl730d2kg62jnljvih-git-2.55.0-debug",
        "doc": "/nix/store/b3f5zvzp33c79pa6pdpyg7kc9hah1826-git-2.55.0-doc",
        "out": "/nix/store/msr1v91ybfw6j12rs5mfl8ghb2rqsnsr-git-2.55.0"
      },
      "system": "x86_64-linux",
      "group": "toplevel",
      "priority": 5
    },
    {
      "attr_path": "jdk21",
      "broken": false,
      "derivation": "/nix/store/2k0lnm5zpcbhni8lcvazaqdv03n4pb4c-openjdk-21.0.12.1+1.drv",
      "description": "Open-source Java Development Kit",
      "install_id": "jdk21",
      "license": "GPL-2.0-only",
      "locked_url": "https://github.com/flox/nixpkgs?rev=6774f7bc253789b113a4f39285dc0fa100abeacc",
      "name": "openjdk-21.0.12.1+1",
      "pname": "jdk21",
      "rev": "6774f7bc253789b113a4f39285dc0fa100abeacc",
      "rev_count": 1077996,
      "rev_date": "2026-09-22T03:11:10Z",
      "scrape_date": "2026-09-23T05:30:01.214431Z",
      "stabilities": [
        "unstable"
      ],
      "unfree": false,
      "version": "21.0.12.1+1",
      "outputs_to_install": [
        "out",
        "out"
      ],
      "outputs": {
        "debug": "/nix/store/wi8s4sk4i9j3kna2zhdfi4l5aj3kdshn-openjdk-21.0.12.1+1-debug",
        "out": "/nix/store/glcgjqyysb3a0556x4flgimvjhq6zjrk-openjdk-21.0.12.1+1"
      },
      "system": "aarch64-linux",
      "group": "toplevel",
      "priority": 5
    },
    {
      "attr_path": "jdk21",
      "broken": false,
      "derivation": "/nix/store/7kl50zdrb5230jkfy3kjpxxid81pljpk-openjdk-21.0.12.1+1.drv",
      "description": "Open-source Java Development Kit",
      "install_id": "jdk21",
      "license": "GPL-2.0-only",
      "locked_url": "https://github.com/flox/nixpkgs?rev=6774f7bc253789b113a4f39285dc0fa100abeacc",
      "name": "openjdk-21.0.12.1+1",
      "pname": "jdk21",
      "rev": "6774f7bc253789b113a4f39285dc0fa100abeacc",
      "rev_count": 1077996,
      "rev_date": "2026-09-22T03:11:10Z",
      "scrape_date": "2026-09-23T06:06:40.822175Z",
      "stabilities": [
        "unstable"
      ],
      "unfree": false,
      "version": "21.0.12.1+1",
      "outputs_to_install": [
        "out",
        "out"
      ],
      "outputs": {
        "debug": "/nix/store/gxrhq5v5hgf4frkzvyjp6dffaid46n8f-openjdk-21.0.12.1+1-debug",
        "out": "/nix/store/p3ckxs1gmqir4m2b6yknbbka33da1y4m-openjdk-21.0.12.1+1"
      },
      "system": "x86_64-linux",
      "group": "toplevel",
      "priority": 5
    },
    {
      "attr_path": "nodejs_22",
      "broken": false,
      "derivation": "/nix/store/xamfjvkqmscv6qndz72wl2kpar630fb8-nodejs-22.23.2.drv",
      "description": "Event-driven I/O framework for the V8 JavaScript engine",
      "install_id": "nodejs_22",
      "license": "MIT",
      "locked_url": "https://github.com/flox/nixpkgs?rev=6774f7bc253789b113a4f39285dc0fa100abeacc",
      "name": "nodejs-22.23.2",
      "pname": "nodejs_22",
      "rev": "6774f7bc253789b113a4f39285dc0fa100abeacc",
      "rev_count": 1077996,
      "rev_date": "2026-09-22T03:11:10Z",
      "scrape_date": "2026-09-23T05:30:18.309867Z",
      "stabilities": [
        "unstable"
      ],
      "unfree": false,
      "version": "22.23.2",
      "outputs_to_install": [
        "out",
        "out"
      ],
      "outputs": {
        "out": "/nix/store/69hgy9ailbqrz20jv5dmx4byky7zl650-nodejs-22.23.2"
      },
      "system": "aarch64-linux",
      "group": "toplevel",
      "priority": 5
    },
    {
      "attr_path": "nodejs_22",
      "broken": false,
      "derivation": "/nix/store/sv0nh9w5njc8w46i2yv398cp8jddwi8d-nodejs-22.23.2.drv",
      "description": "Event-driven I/O framework for the V8 JavaScript engine",
      "install_id": "nodejs_22",
      "license": "MIT",
      "locked_url": "https://github.com/flox/nixpkgs?rev=6774f7bc253789b113a4f39285dc0fa100abeacc",
      "name": "nodejs-22.23.2",
      "pname": "nodejs_22",
      "rev": "6774f7bc253789b113a4f39285dc0fa100abeacc",
      "rev_count": 1077996,
      "rev_date": "2026-09-22T03:11:10Z",
      "scrape_date": "2026-09-23T06:06:59.667028Z",
      "stabilities": [
        "unstable"
      ],
      "unfree": false,
      "version": "22.23.2",
      "outputs_to_install": [
        "out",
        "out"
      ],
      "outputs": {
        "out": "/nix/store/p8wnn48gi30j0n0a6ispjinnb6ykz28i-nodejs-22.23.2"
      },
      "system": "x86_64-linux",
      "group": "toplevel",
      "priority": 5
    },
    {
      "attr_path": "pnpm",
      "broken": false,
      "derivation": "/nix/store/fsh5axnpw1yg66x9mjzamr4akda6jkf2-pnpm-12.3.4.drv",
      "description": "Fast, disk space efficient package manager for JavaScript",
      "install_id": "pnpm",
      "license": "MIT",
      "locked_url": "https://github.com/flox/nixpkgs?rev=6774f7bc253789b113a4f39285dc0fa100abeacc",
      "name": "pnpm-12.3.4",
      "pname": "pnpm",
      "rev": "6774f7bc253789b113a4f39285dc0fa100abeacc",
      "rev_count": 1077996,
      "rev_date": "2026-09-22T03:11:10Z",
      "scrape_date": "2026-09-23T05:30:37.764885Z",
      "stabilities": [
        "unstable"
      ],
      "unfree": false,
      "version": "12.3.4",
      "outputs_to_install": [
        "out"
      ],
      "outputs": {
        "out": "/nix/store/iy8qzxcw132w07hli6y992qxg54xwx3j-pnpm-12.3.4"
      },
      "system": "aarch64-linux",
      "group": "toplevel",
      "priority": 5
    },
    {
      "attr_path": "pnpm",
      "broken": false,
      "derivation": "/nix/store/nzzn8mr3149xp3vd2widbqa7lav66j2f-pnpm-12.3.4.drv",
      "description": "Fast, disk space efficient package manager for JavaScript",
      "install_id": "pnpm",
      "license": "MIT",
      "locked_url": "https://github.com/flox/nixpkgs?rev=6774f7bc253789b113a4f39285dc0fa100abeacc",
      "name": "pnpm-12.3.4",
      "pname": "pnpm",
      "rev": "6774f7bc253789b113a4f39285dc0fa100abeacc",
      "rev_count": 1077996,
      "rev_date": "2026-09-22T03:11:10Z",
      "scrape_date": "2026-09-23T06:07:20.834982Z",
      "stabilities": [
        "unstable"
      ],
      "unfree": false,
      "version": "12.3.4",
      "outputs_to_install": [
        "out"
      ],
      "outputs": {
        "out": "/nix/store/ggg53gq25nf1p6vlzyzkwj26csc5jfak-pnpm-12.3.4"
      },
      "system": "x86_64-linux",
      "group": "toplevel",
      "priority": 5
    },
    {
      "attr_path": "python312",
      "broken": false,
      "derivation": "/nix/store/wrigim6d40b74bnl12w3kbn0cq5imasq-python3-3.12.14.drv",
      "description": "High-level dynamically-typed programming language",
      "install_id": "python312",
      "license": "Python-2.0",
      "locked_url": "https://github.com/flox/nixpkgs?rev=6774f7bc253789b113a4f39285dc0fa100abeacc",
      "name": "python3-3.12.14",
      "pname": "python312",
      "rev": "6774f7bc253789b113a4f39285dc0fa100abeacc",
      "rev_count": 1077996,
      "rev_date": "2026-09-22T03:11:10Z",
      "scrape_date": "2026-09-23T05:30:40.617561Z",
      "stabilities": [
        "unstable"
      ],
      "unfree": false,
      "version": "python3-3.12.14",
      "outputs_to_install": [
        "out"
      ],
      "outputs": {
        "debug": "/nix/store/r2a4mfblpj1xl8flshvhr48zfl3kdw5z-python3-3.12.14-debug",
        "out": "/nix/store/wjz151w9b8yjgw90l0xaihbzj3gw8cma-python3-3.12.14"
      },
      "system": "aarch64-linux",
      "group": "toplevel",
      "priority": 5
    },
    {
      "attr_path": "python312",
      "broken": false,
      "derivation": "/nix/store/82pnjg07845i3hqw7b5kkmml6s9gq9y8-python3-3.12.14.drv",
      "description": "High-level dynamically-typed programming language",
      "install_id": "python312",
      "license": "Python-2.0",
      "locked_url": "https://github.com/flox/nixpkgs?rev=6774f7bc253789b113a4f39285dc0fa100abeacc",
      "name": "python3-3.12.14",
      "pname": "python312",
      "rev": "6774f7bc253789b113a4f39285dc0fa100abeacc",
      "rev_count": 1077996,
      "rev_date": "2026-09-22T03:11:10Z",
      "scrape_date": "2026-09-23T06:07:23.971219Z",
      "stabilities": [
        "unstable"
      ],
      "unfree": false,
      "version": "python3-3.12.14",
      "outputs_to_install": [
        "out"
      ],
      "outputs": {
        "debug": "/nix/store/1j5j0xikjjll5nnjsjw6v6gay8findm4-python3-3.12.14-debug",
        "out": "/nix/store/bszqvgwpxb1gq1xpx8s6qv92wgb9dqli-python3-3.12.14"
      },
      "system": "x86_64-linux",
      "group": "toplevel",
      "priority": 5
    }
  ]
}
